
Microsoft Visual Studio Solution File, Format Version 12.00
# Visual Studio Version 16
VisualStudioVersion = 16.0.30611.23
MinimumVisualStudioVersion = 10.0.40219.1
Project("{FAE04EC0-301F-11D3-BF4B-00C04F79EFBC}") = "Chisu_Diana_Lab5", "Chisu_Diana_Lab5.csproj", "{8EA1A0B9-22BA-4417-9BE3-84D2E6D367BA}"
EndProject
Global
	GlobalSection(SolutionConfigurationPlatforms) = preSolution
		Debug|Any CPU = Debug|Any CPU
		Release|Any CPU = Release|Any CPU
	EndGlobalSection
	GlobalSection(ProjectConfigurationPlatforms) = postSolution
		{8EA1A0B9-22BA-4417-9BE3-84D2E6D367BA}.Debug|Any CPU.ActiveCfg = Debug|Any CPU
		{8EA1A0B9-22BA-4417-9BE3-84D2E6D367BA}.Debug|Any CPU.Build.0 = Debug|Any CPU
		{8EA1A0B9-22BA-4417-9BE3-84D2E6D367BA}.Release|Any CPU.ActiveCfg = Release|Any CPU
		{8EA1A0B9-22BA-4417-9BE3-84D2E6D367BA}.Release|Any CPU.Build.0 = Release|Any CPU
	EndGlobalSection
	GlobalSection(SolutionProperties) = preSolution
		HideSolutionNode = FALSE
	EndGlobalSection
	GlobalSection(ExtensibilityGlobals) = postSolution
		SolutionGuid = {1391E53C-88FD-4EB1-A51C-D55E6A2D298F}
	EndGlobalSection
EndGlobal
